// !$*UTF8*$!
{
	archiveVersion = 1;
	classes = {
	};
	objectVersion = 56;
	objects = {

/* Begin PBXBuildFile section */
		70152E722A7BA332000DAD76 /* InboxView.swift in Sources */ = {isa = PBXBuildFile; fileRef = 70152E712A7BA332000DAD76 /* InboxView.swift */; };
		70152E772A7BA592000DAD76 /* ActiveNowView.swift in Sources */ = {isa = PBXBuildFile; fileRef = 70152E762A7BA592000DAD76 /* ActiveNowView.swift */; };
		70152E792A7BA99C000DAD76 /* InboxRowView.swift in Sources */ = {isa = PBXBuildFile; fileRef = 70152E782A7BA99C000DAD76 /* InboxRowView.swift */; };
		70152E7C2A7BB188000DAD76 /* NewMessageView.swift in Sources */ = {isa = PBXBuildFile; fileRef = 70152E7B2A7BB188000DAD76 /* NewMessageView.swift */; };
		70152E812A7BBA30000DAD76 /* ProfileView.swift in Sources */ = {isa = PBXBuildFile; fileRef = 70152E802A7BBA30000DAD76 /* ProfileView.swift */; };
		70152E832A7BBDA2000DAD76 /* SettingsOptionsViewModel.swift in Sources */ = {isa = PBXBuildFile; fileRef = 70152E822A7BBDA2000DAD76 /* SettingsOptionsViewModel.swift */; };
		70152E852A7BC39D000DAD76 /* ProfileViewModel.swift in Sources */ = {isa = PBXBuildFile; fileRef = 70152E842A7BC39D000DAD76 /* ProfileViewModel.swift */; };
		70152E872A7BC90C000DAD76 /* User.swift in Sources */ = {isa = PBXBuildFile; fileRef = 70152E862A7BC90C000DAD76 /* User.swift */; };
		70152E8A2A7BD044000DAD76 /* CircularProfileImageView.swift in Sources */ = {isa = PBXBuildFile; fileRef = 70152E892A7BD044000DAD76 /* CircularProfileImageView.swift */; };
		70152E8D2A7BD62B000DAD76 /* ChatView.swift in Sources */ = {isa = PBXBuildFile; fileRef = 70152E8C2A7BD62B000DAD76 /* ChatView.swift */; };
		70152E8F2A7BDC17000DAD76 /* ChatMessageCell.swift in Sources */ = {isa = PBXBuildFile; fileRef = 70152E8E2A7BDC17000DAD76 /* ChatMessageCell.swift */; };
		70152E912A7BE0B3000DAD76 /* ChatBubble.swift in Sources */ = {isa = PBXBuildFile; fileRef = 70152E902A7BE0B3000DAD76 /* ChatBubble.swift */; };
		7078B66C2A7D095100581CD9 /* GoogleService-Info.plist in Resources */ = {isa = PBXBuildFile; fileRef = 7078B66B2A7D095100581CD9 /* GoogleService-Info.plist */; };
		7078B6712A7D0A7F00581CD9 /* FirebaseAuth in Frameworks */ = {isa = PBXBuildFile; productRef = 7078B6702A7D0A7F00581CD9 /* FirebaseAuth */; };
		7078B6752A7D0A7F00581CD9 /* FirebaseFirestore in Frameworks */ = {isa = PBXBuildFile; productRef = 7078B6742A7D0A7F00581CD9 /* FirebaseFirestore */; };
		7078B6792A7D0A7F00581CD9 /* FirebaseStorage in Frameworks */ = {isa = PBXBuildFile; productRef = 7078B6782A7D0A7F00581CD9 /* FirebaseStorage */; };
		7078B67C2A7D0AFE00581CD9 /* FirebaseFirestoreSwift in Frameworks */ = {isa = PBXBuildFile; productRef = 7078B67B2A7D0AFE00581CD9 /* FirebaseFirestoreSwift */; };
		7078B6802A7D0CA700581CD9 /* LoginViewModel.swift in Sources */ = {isa = PBXBuildFile; fileRef = 7078B67F2A7D0CA700581CD9 /* LoginViewModel.swift */; };
		7078B6822A7D0CBD00581CD9 /* RegistrationViewModel.swift in Sources */ = {isa = PBXBuildFile; fileRef = 7078B6812A7D0CBD00581CD9 /* RegistrationViewModel.swift */; };
		7078B6842A7D0CF500581CD9 /* AuthService.swift in Sources */ = {isa = PBXBuildFile; fileRef = 7078B6832A7D0CF500581CD9 /* AuthService.swift */; };
		7078B6882A7D1BED00581CD9 /* ContentViewModel.swift in Sources */ = {isa = PBXBuildFile; fileRef = 7078B6872A7D1BED00581CD9 /* ContentViewModel.swift */; };
		7078B68A2A7E308700581CD9 /* UserService.swift in Sources */ = {isa = PBXBuildFile; fileRef = 7078B6892A7E308700581CD9 /* UserService.swift */; };
		7078B68E2A7E486700581CD9 /* InboxViewModel.swift in Sources */ = {isa = PBXBuildFile; fileRef = 7078B68D2A7E486700581CD9 /* InboxViewModel.swift */; };
		7078B6922A7E574B00581CD9 /* NewMessageViewModel.swift in Sources */ = {isa = PBXBuildFile; fileRef = 7078B6912A7E574B00581CD9 /* NewMessageViewModel.swift */; };
		7078B6942A7E681200581CD9 /* Message.swift in Sources */ = {isa = PBXBuildFile; fileRef = 7078B6932A7E681200581CD9 /* Message.swift */; };
		7078B6962A7E69D400581CD9 /* MessageService.swift in Sources */ = {isa = PBXBuildFile; fileRef = 7078B6952A7E69D400581CD9 /* MessageService.swift */; };
		7078B69A2A7E708200581CD9 /* ChatViewModel.swift in Sources */ = {isa = PBXBuildFile; fileRef = 7078B6992A7E708200581CD9 /* ChatViewModel.swift */; };
		708F1AAA2A75402700587A8E /* RegistrationView.swift in Sources */ = {isa = PBXBuildFile; fileRef = 708F1AA92A75402700587A8E /* RegistrationView.swift */; };
		70FB966F2A7530170039FF91 /* MessengerApp.swift in Sources */ = {isa = PBXBuildFile; fileRef = 70FB966E2A7530170039FF91 /* MessengerApp.swift */; };
		70FB96712A7530170039FF91 /* ContentView.swift in Sources */ = {isa = PBXBuildFile; fileRef = 70FB96702A7530170039FF91 /* ContentView.swift */; };
		70FB96732A7530190039FF91 /* Assets.xcassets in Resources */ = {isa = PBXBuildFile; fileRef = 70FB96722A7530190039FF91 /* Assets.xcassets */; };
		70FB96762A7530190039FF91 /* Preview Assets.xcassets in Resources */ = {isa = PBXBuildFile; fileRef = 70FB96752A7530190039FF91 /* Preview Assets.xcassets */; };
		70FB96842A7531FA0039FF91 /* LoginView.swift in Sources */ = {isa = PBXBuildFile; fileRef = 70FB96832A7531FA0039FF91 /* LoginView.swift */; };
/* End PBXBuildFile section */

/* Begin PBXFileReference section */
		70152E712A7BA332000DAD76 /* InboxView.swift */ = {isa = PBXFileReference; lastKnownFileType = sourcecode.swift; path = InboxView.swift; sourceTree = "<group>"; };
		70152E762A7BA592000DAD76 /* ActiveNowView.swift */ = {isa = PBXFileReference; lastKnownFileType = sourcecode.swift; path = ActiveNowView.swift; sourceTree = "<group>"; };
		70152E782A7BA99C000DAD76 /* InboxRowView.swift */ = {isa = PBXFileReference; lastKnownFileType = sourcecode.swift; path = InboxRowView.swift; sourceTree = "<group>"; };
		70152E7B2A7BB188000DAD76 /* NewMessageView.swift */ = {isa = PBXFileReference; lastKnownFileType = sourcecode.swift; path = NewMessageView.swift; sourceTree = "<group>"; };
		70152E802A7BBA30000DAD76 /* ProfileView.swift */ = {isa = PBXFileReference; lastKnownFileType = sourcecode.swift; path = ProfileView.swift; sourceTree = "<group>"; };
		70152E822A7BBDA2000DAD76 /* SettingsOptionsViewModel.swift */ = {isa = PBXFileReference; lastKnownFileType = sourcecode.swift; path = SettingsOptionsViewModel.swift; sourceTree = "<group>"; };
		70152E842A7BC39D000DAD76 /* ProfileViewModel.swift */ = {isa = PBXFileReference; lastKnownFileType = sourcecode.swift; path = ProfileViewModel.swift; sourceTree = "<group>"; };
		70152E862A7BC90C000DAD76 /* User.swift */ = {isa = PBXFileReference; lastKnownFileType = sourcecode.swift; path = User.swift; sourceTree = "<group>"; };
		70152E892A7BD044000DAD76 /* CircularProfileImageView.swift */ = {isa = PBXFileReference; lastKnownFileType = sourcecode.swift; path = CircularProfileImageView.swift; sourceTree = "<group>"; };
		70152E8C2A7BD62B000DAD76 /* ChatView.swift */ = {isa = PBXFileReference; lastKnownFileType = sourcecode.swift; path = ChatView.swift; sourceTree = "<group>"; };
		70152E8E2A7BDC17000DAD76 /* ChatMessageCell.swift */ = {isa = PBXFileReference; lastKnownFileType = sourcecode.swift; path = ChatMessageCell.swift; sourceTree = "<group>"; };
		70152E902A7BE0B3000DAD76 /* ChatBubble.swift */ = {isa = PBXFileReference; lastKnownFileType = sourcecode.swift; path = ChatBubble.swift; sourceTree = "<group>"; };
		7078B66B2A7D095100581CD9 /* GoogleService-Info.plist */ = {isa = PBXFileReference; fileEncoding = 4; lastKnownFileType = text.plist.xml; path = "GoogleService-Info.plist"; sourceTree = "<group>"; };
		7078B67F2A7D0CA700581CD9 /* LoginViewModel.swift */ = {isa = PBXFileReference; lastKnownFileType = sourcecode.swift; path = LoginViewModel.swift; sourceTree = "<group>"; };
		7078B6812A7D0CBD00581CD9 /* RegistrationViewModel.swift */ = {isa = PBXFileReference; lastKnownFileType = sourcecode.swift; path = RegistrationViewModel.swift; sourceTree = "<group>"; };
		7078B6832A7D0CF500581CD9 /* AuthService.swift */ = {isa = PBXFileReference; lastKnownFileType = sourcecode.swift; path = AuthService.swift; sourceTree = "<group>"; };
		7078B6872A7D1BED00581CD9 /* ContentViewModel.swift */ = {isa = PBXFileReference; lastKnownFileType = sourcecode.swift; path = ContentViewModel.swift; sourceTree = "<group>"; };
		7078B6892A7E308700581CD9 /* UserService.swift */ = {isa = PBXFileReference; lastKnownFileType = sourcecode.swift; path = UserService.swift; sourceTree = "<group>"; };
		7078B68D2A7E486700581CD9 /* InboxViewModel.swift */ = {isa = PBXFileReference; lastKnownFileType = sourcecode.swift; path = InboxViewModel.swift; sourceTree = "<group>"; };
		7078B6912A7E574B00581CD9 /* NewMessageViewModel.swift */ = {isa = PBXFileReference; lastKnownFileType = sourcecode.swift; path = NewMessageViewModel.swift; sourceTree = "<group>"; };
		7078B6932A7E681200581CD9 /* Message.swift */ = {isa = PBXFileReference; lastKnownFileType = sourcecode.swift; path = Message.swift; sourceTree = "<group>"; };
		7078B6952A7E69D400581CD9 /* MessageService.swift */ = {isa = PBXFileReference; lastKnownFileType = sourcecode.swift; path = MessageService.swift; sourceTree = "<group>"; };
		7078B6992A7E708200581CD9 /* ChatViewModel.swift */ = {isa = PBXFileReference; lastKnownFileType = sourcecode.swift; path = ChatViewModel.swift; sourceTree = "<group>"; };
		708F1AA92A75402700587A8E /* RegistrationView.swift */ = {isa = PBXFileReference; lastKnownFileType = sourcecode.swift; path = RegistrationView.swift; sourceTree = "<group>"; };
		70FB966B2A7530170039FF91 /* Messenger.app */ = {isa = PBXFileReference; explicitFileType = wrapper.application; includeInIndex = 0; path = Messenger.app; sourceTree = BUILT_PRODUCTS_DIR; };
		70FB966E2A7530170039FF91 /* MessengerApp.swift */ = {isa = PBXFileReference; lastKnownFileType = sourcecode.swift; path = MessengerApp.swift; sourceTree = "<group>"; };
		70FB96702A7530170039FF91 /* ContentView.swift */ = {isa = PBXFileReference; lastKnownFileType = sourcecode.swift; path = ContentView.swift; sourceTree = "<group>"; };
		70FB96722A7530190039FF91 /* Assets.xcassets */ = {isa = PBXFileReference; lastKnownFileType = folder.assetcatalog; path = Assets.xcassets; sourceTree = "<group>"; };
		70FB96752A7530190039FF91 /* Preview Assets.xcassets */ = {isa = PBXFileReference; lastKnownFileType = folder.assetcatalog; path = "Preview Assets.xcassets"; sourceTree = "<group>"; };
		70FB96832A7531FA0039FF91 /* LoginView.swift */ = {isa = PBXFileReference; lastKnownFileType = sourcecode.swift; path = LoginView.swift; sourceTree = "<group>"; };
/* End PBXFileReference section */

/* Begin PBXFrameworksBuildPhase section */
		70FB96682A7530170039FF91 /* Frameworks */ = {
			isa = PBXFrameworksBuildPhase;
			buildActionMask = 2147483647;
			files = (
				7078B6752A7D0A7F00581CD9 /* FirebaseFirestore in Frameworks */,
				7078B6712A7D0A7F00581CD9 /* FirebaseAuth in Frameworks */,
				7078B6792A7D0A7F00581CD9 /* FirebaseStorage in Frameworks */,
				7078B67C2A7D0AFE00581CD9 /* FirebaseFirestoreSwift in Frameworks */,
			);
			runOnlyForDeploymentPostprocessing = 0;
		};
/* End PBXFrameworksBuildPhase section */

/* Begin PBXGroup section */
		70152E702A7BA322000DAD76 /* Inbox */ = {
			isa = PBXGroup;
			children = (
				7078B68C2A7E46D400581CD9 /* View */,
				7078B68B2A7E46D200581CD9 /* ViewModel */,
			);
			path = Inbox;
			sourceTree = "<group>";
		};
		70152E732A7BA56D000DAD76 /* ActiveNow */ = {
			isa = PBXGroup;
			children = (
				70152E762A7BA592000DAD76 /* ActiveNowView.swift */,
			);
			path = ActiveNow;
			sourceTree = "<group>";
		};
		70152E7A2A7BB16E000DAD76 /* NewMessage */ = {
			isa = PBXGroup;
			children = (
				7078B6902A7E570F00581CD9 /* View */,
				7078B68F2A7E570D00581CD9 /* ViewModel */,
			);
			path = NewMessage;
			sourceTree = "<group>";
		};
		70152E7D2A7BBA00000DAD76 /* Profile */ = {
			isa = PBXGroup;
			children = (
				70152E7E2A7BBA0A000DAD76 /* View */,
				70152E7F2A7BBA10000DAD76 /* ViewModel */,
			);
			path = Profile;
			sourceTree = "<group>";
		};
		70152E7E2A7BBA0A000DAD76 /* View */ = {
			isa = PBXGroup;
			children = (
				70152E802A7BBA30000DAD76 /* ProfileView.swift */,
			);
			path = View;
			sourceTree = "<group>";
		};
		70152E7F2A7BBA10000DAD76 /* ViewModel */ = {
			isa = PBXGroup;
			children = (
				70152E822A7BBDA2000DAD76 /* SettingsOptionsViewModel.swift */,
				70152E842A7BC39D000DAD76 /* ProfileViewModel.swift */,
			);
			path = ViewModel;
			sourceTree = "<group>";
		};
		70152E882A7BD00B000DAD76 /* Components */ = {
			isa = PBXGroup;
			children = (
				70152E892A7BD044000DAD76 /* CircularProfileImageView.swift */,
			);
			path = Components;
			sourceTree = "<group>";
		};
		70152E8B2A7BD61E000DAD76 /* Chat */ = {
			isa = PBXGroup;
			children = (
				7078B6982A7E706100581CD9 /* View */,
				7078B6972A7E705F00581CD9 /* ViewModel */,
			);
			path = Chat;
			sourceTree = "<group>";
		};
		7078B67A2A7D0AFE00581CD9 /* Frameworks */ = {
			isa = PBXGroup;
			children = (
			);
			name = Frameworks;
			sourceTree = "<group>";
		};
		7078B67D2A7D0C7E00581CD9 /* ViewModel */ = {
			isa = PBXGroup;
			children = (
				7078B67F2A7D0CA700581CD9 /* LoginViewModel.swift */,
				7078B6812A7D0CBD00581CD9 /* RegistrationViewModel.swift */,
			);
			path = ViewModel;
			sourceTree = "<group>";
		};
		7078B67E2A7D0C8200581CD9 /* Service */ = {
			isa = PBXGroup;
			children = (
				7078B6832A7D0CF500581CD9 /* AuthService.swift */,
			);
			path = Service;
			sourceTree = "<group>";
		};
		7078B6852A7D1BD400581CD9 /* viewModel */ = {
			isa = PBXGroup;
			children = (
				7078B6872A7D1BED00581CD9 /* ContentViewModel.swift */,
			);
			path = viewModel;
			sourceTree = "<group>";
		};
		7078B6862A7D1BD700581CD9 /* view */ = {
			isa = PBXGroup;
			children = (
				70FB96702A7530170039FF91 /* ContentView.swift */,
			);
			path = view;
			sourceTree = "<group>";
		};
		7078B68B2A7E46D200581CD9 /* ViewModel */ = {
			isa = PBXGroup;
			children = (
				7078B68D2A7E486700581CD9 /* InboxViewModel.swift */,
			);
			path = ViewModel;
			sourceTree = "<group>";
		};
		7078B68C2A7E46D400581CD9 /* View */ = {
			isa = PBXGroup;
			children = (
				70152E712A7BA332000DAD76 /* InboxView.swift */,
				70152E782A7BA99C000DAD76 /* InboxRowView.swift */,
			);
			path = View;
			sourceTree = "<group>";
		};
		7078B68F2A7E570D00581CD9 /* ViewModel */ = {
			isa = PBXGroup;
			children = (
				7078B6912A7E574B00581CD9 /* NewMessageViewModel.swift */,
			);
			path = ViewModel;
			sourceTree = "<group>";
		};
		7078B6902A7E570F00581CD9 /* View */ = {
			isa = PBXGroup;
			children = (
				70152E7B2A7BB188000DAD76 /* NewMessageView.swift */,
			);
			path = View;
			sourceTree = "<group>";
		};
		7078B6972A7E705F00581CD9 /* ViewModel */ = {
			isa = PBXGroup;
			children = (
				7078B6992A7E708200581CD9 /* ChatViewModel.swift */,
			);
			path = ViewModel;
			sourceTree = "<group>";
		};
		7078B6982A7E706100581CD9 /* View */ = {
			isa = PBXGroup;
			children = (
				70152E8C2A7BD62B000DAD76 /* ChatView.swift */,
				70152E8E2A7BDC17000DAD76 /* ChatMessageCell.swift */,
				70152E902A7BE0B3000DAD76 /* ChatBubble.swift */,
			);
			path = View;
			sourceTree = "<group>";
		};
		70FB96622A7530170039FF91 = {
			isa = PBXGroup;
			children = (
				70FB966D2A7530170039FF91 /* Messenger */,
				70FB966C2A7530170039FF91 /* Products */,
				7078B67A2A7D0AFE00581CD9 /* Frameworks */,
			);
			sourceTree = "<group>";
		};
		70FB966C2A7530170039FF91 /* Products */ = {
			isa = PBXGroup;
			children = (
				70FB966B2A7530170039FF91 /* Messenger.app */,
			);
			name = Products;
			sourceTree = "<group>";
		};
		70FB966D2A7530170039FF91 /* Messenger */ = {
			isa = PBXGroup;
			children = (
				70FB967C2A75308C0039FF91 /* App */,
				70FB967D2A7530940039FF91 /* Core */,
				70FB967E2A75309A0039FF91 /* Model */,
				70FB967F2A7530A10039FF91 /* Service */,
				70FB96722A7530190039FF91 /* Assets.xcassets */,
				7078B66B2A7D095100581CD9 /* GoogleService-Info.plist */,
				70FB96742A7530190039FF91 /* Preview Content */,
			);
			path = Messenger;
			sourceTree = "<group>";
		};
		70FB96742A7530190039FF91 /* Preview Content */ = {
			isa = PBXGroup;
			children = (
				70FB96752A7530190039FF91 /* Preview Assets.xcassets */,
			);
			path = "Preview Content";
			sourceTree = "<group>";
		};
		70FB967C2A75308C0039FF91 /* App */ = {
			isa = PBXGroup;
			children = (
				70FB966E2A7530170039FF91 /* MessengerApp.swift */,
			);
			path = App;
			sourceTree = "<group>";
		};
		70FB967D2A7530940039FF91 /* Core */ = {
			isa = PBXGroup;
			children = (
				70152E732A7BA56D000DAD76 /* ActiveNow */,
				70FB96802A7530BA0039FF91 /* Authentication */,
				70152E8B2A7BD61E000DAD76 /* Chat */,
				70152E882A7BD00B000DAD76 /* Components */,
				70152E702A7BA322000DAD76 /* Inbox */,
				70152E7A2A7BB16E000DAD76 /* NewMessage */,
				70152E7D2A7BBA00000DAD76 /* Profile */,
				70FB96812A7530C40039FF91 /* Root */,
			);
			path = Core;
			sourceTree = "<group>";
		};
		70FB967E2A75309A0039FF91 /* Model */ = {
			isa = PBXGroup;
			children = (
				70152E862A7BC90C000DAD76 /* User.swift */,
				7078B6932A7E681200581CD9 /* Message.swift */,
			);
			path = Model;
			sourceTree = "<group>";
		};
		70FB967F2A7530A10039FF91 /* Service */ = {
			isa = PBXGroup;
			children = (
				7078B6892A7E308700581CD9 /* UserService.swift */,
				7078B6952A7E69D400581CD9 /* MessageService.swift */,
			);
			path = Service;
			sourceTree = "<group>";
		};
		70FB96802A7530BA0039FF91 /* Authentication */ = {
			isa = PBXGroup;
			children = (
				7078B67E2A7D0C8200581CD9 /* Service */,
				70FB96822A7530CF0039FF91 /* View */,
				7078B67D2A7D0C7E00581CD9 /* ViewModel */,
			);
			path = Authentication;
			sourceTree = "<group>";
		};
		70FB96812A7530C40039FF91 /* Root */ = {
			isa = PBXGroup;
			children = (
				7078B6862A7D1BD700581CD9 /* view */,
				7078B6852A7D1BD400581CD9 /* viewModel */,
			);
			path = Root;
			sourceTree = "<group>";
		};
		70FB96822A7530CF0039FF91 /* View */ = {
			isa = PBXGroup;
			children = (
				70FB96832A7531FA0039FF91 /* LoginView.swift */,
				708F1AA92A75402700587A8E /* RegistrationView.swift */,
			);
			path = View;
			sourceTree = "<group>";
		};
/* End PBXGroup section */

/* Begin PBXNativeTarget section */
		70FB966A2A7530170039FF91 /* Messenger */ = {
			isa = PBXNativeTarget;
			buildConfigurationList = 70FB96792A7530190039FF91 /* Build configuration list for PBXNativeTarget "Messenger" */;
			buildPhases = (
				70FB96672A7530170039FF91 /* Sources */,
				70FB96682A7530170039FF91 /* Frameworks */,
				70FB96692A7530170039FF91 /* Resources */,
			);
			buildRules = (
			);
			dependencies = (
			);
			name = Messenger;
			packageProductDependencies = (
				7078B6702A7D0A7F00581CD9 /* FirebaseAuth */,
				7078B6742A7D0A7F00581CD9 /* FirebaseFirestore */,
				7078B6782A7D0A7F00581CD9 /* FirebaseStorage */,
				7078B67B2A7D0AFE00581CD9 /* FirebaseFirestoreSwift */,
			);
			productName = Messenger;
			productReference = 70FB966B2A7530170039FF91 /* Messenger.app */;
			productType = "com.apple.product-type.application";
		};
/* End PBXNativeTarget section */

/* Begin PBXProject section */
		70FB96632A7530170039FF91 /* Project object */ = {
			isa = PBXProject;
			attributes = {
				BuildIndependentTargetsInParallel = 1;
				LastSwiftUpdateCheck = 1430;
				LastUpgradeCheck = 1430;
				TargetAttributes = {
					70FB966A2A7530170039FF91 = {
						CreatedOnToolsVersion = 14.3.1;
					};
				};
			};
			buildConfigurationList = 70FB96662A7530170039FF91 /* Build configuration list for PBXProject "Messenger" */;
			compatibilityVersion = "Xcode 14.0";
			developmentRegion = en;
			hasScannedForEncodings = 0;
			knownRegions = (
				en,
				Base,
			);
			mainGroup = 70FB96622A7530170039FF91;
			packageReferences = (
				7078B66D2A7D0A7F00581CD9 /* XCRemoteSwiftPackageReference "firebase-ios-sdk" */,
			);
			productRefGroup = 70FB966C2A7530170039FF91 /* Products */;
			projectDirPath = "";
			projectRoot = "";
			targets = (
				70FB966A2A7530170039FF91 /* Messenger */,
			);
		};
/* End PBXProject section */

/* Begin PBXResourcesBuildPhase section */
		70FB96692A7530170039FF91 /* Resources */ = {
			isa = PBXResourcesBuildPhase;
			buildActionMask = 2147483647;
			files = (
				70FB96762A7530190039FF91 /* Preview Assets.xcassets in Resources */,
				70FB96732A7530190039FF91 /* Assets.xcassets in Resources */,
				7078B66C2A7D095100581CD9 /* GoogleService-Info.plist in Resources */,
			);
			runOnlyForDeploymentPostprocessing = 0;
		};
/* End PBXResourcesBuildPhase section */

/* Begin PBXSourcesBuildPhase section */
		70FB96672A7530170039FF91 /* Sources */ = {
			isa = PBXSourcesBuildPhase;
			buildActionMask = 2147483647;
			files = (
				7078B69A2A7E708200581CD9 /* ChatViewModel.swift in Sources */,
				70152E792A7BA99C000DAD76 /* InboxRowView.swift in Sources */,
				7078B68E2A7E486700581CD9 /* InboxViewModel.swift in Sources */,
				7078B6822A7D0CBD00581CD9 /* RegistrationViewModel.swift in Sources */,
				70152E812A7BBA30000DAD76 /* ProfileView.swift in Sources */,
				70152E7C2A7BB188000DAD76 /* NewMessageView.swift in Sources */,
				7078B6882A7D1BED00581CD9 /* ContentViewModel.swift in Sources */,
				70FB96842A7531FA0039FF91 /* LoginView.swift in Sources */,
				70152E8D2A7BD62B000DAD76 /* ChatView.swift in Sources */,
				7078B6842A7D0CF500581CD9 /* AuthService.swift in Sources */,
				70FB96712A7530170039FF91 /* ContentView.swift in Sources */,
				70152E8F2A7BDC17000DAD76 /* ChatMessageCell.swift in Sources */,
				70152E912A7BE0B3000DAD76 /* ChatBubble.swift in Sources */,
				70152E8A2A7BD044000DAD76 /* CircularProfileImageView.swift in Sources */,
				70152E722A7BA332000DAD76 /* InboxView.swift in Sources */,
				7078B6802A7D0CA700581CD9 /* LoginViewModel.swift in Sources */,
				7078B6922A7E574B00581CD9 /* NewMessageViewModel.swift in Sources */,
				7078B68A2A7E308700581CD9 /* UserService.swift in Sources */,
				70152E772A7BA592000DAD76 /* ActiveNowView.swift in Sources */,
				70152E852A7BC39D000DAD76 /* ProfileViewModel.swift in Sources */,
				70152E872A7BC90C000DAD76 /* User.swift in Sources */,
				7078B6962A7E69D400581CD9 /* MessageService.swift in Sources */,
				70FB966F2A7530170039FF91 /* MessengerApp.swift in Sources */,
				7078B6942A7E681200581CD9 /* Message.swift in Sources */,
				70152E832A7BBDA2000DAD76 /* SettingsOptionsViewModel.swift in Sources */,
				708F1AAA2A75402700587A8E /* RegistrationView.swift in Sources */,
			);
			runOnlyForDeploymentPostprocessing = 0;
		};
/* End PBXSourcesBuildPhase section */

/* Begin XCBuildConfiguration section */
		70FB96772A7530190039FF91 /* Debug */ = {
			isa = XCBuildConfiguration;
			buildSettings = {
				ALWAYS_SEARCH_USER_PATHS = NO;
				CLANG_ANALYZER_NONNULL = YES;
				CLANG_ANALYZER_NUMBER_OBJECT_CONVERSION = YES_AGGRESSIVE;
				CLANG_CXX_LANGUAGE_STANDARD = "gnu++20";
				CLANG_ENABLE_MODULES = YES;
				CLANG_ENABLE_OBJC_ARC = YES;
				CLANG_ENABLE_OBJC_WEAK = YES;
				CLANG_WARN_BLOCK_CAPTURE_AUTORELEASING = YES;
				CLANG_WARN_BOOL_CONVERSION = YES;
				CLANG_WARN_COMMA = YES;
				CLANG_WARN_CONSTANT_CONVERSION = YES;
				CLANG_WARN_DEPRECATED_OBJC_IMPLEMENTATIONS = YES;
				CLANG_WARN_DIRECT_OBJC_ISA_USAGE = YES_ERROR;
				CLANG_WARN_DOCUMENTATION_COMMENTS = YES;
				CLANG_WARN_EMPTY_BODY = YES;
				CLANG_WARN_ENUM_CONVERSION = YES;
				CLANG_WARN_INFINITE_RECURSION = YES;
				CLANG_WARN_INT_CONVERSION = YES;
				CLANG_WARN_NON_LITERAL_NULL_CONVERSION = YES;
				CLANG_WARN_OBJC_IMPLICIT_RETAIN_SELF = YES;
				CLANG_WARN_OBJC_LITERAL_CONVERSION = YES;
				CLANG_WARN_OBJC_ROOT_CLASS = YES_ERROR;
				CLANG_WARN_QUOTED_INCLUDE_IN_FRAMEWORK_HEADER = YES;
				CLANG_WARN_RANGE_LOOP_ANALYSIS = YES;
				CLANG_WARN_STRICT_PROTOTYPES = YES;
				CLANG_WARN_SUSPICIOUS_MOVE = YES;
				CLANG_WARN_UNGUARDED_AVAILABILITY = YES_AGGRESSIVE;
				CLANG_WARN_UNREACHABLE_CODE = YES;
				CLANG_WARN__DUPLICATE_METHOD_MATCH = YES;
				COPY_PHASE_STRIP = NO;
				DEBUG_INFORMATION_FORMAT = dwarf;
				ENABLE_STRICT_OBJC_MSGSEND = YES;
				ENABLE_TESTABILITY = YES;
				GCC_C_LANGUAGE_STANDARD = gnu11;
				GCC_DYNAMIC_NO_PIC = NO;
				GCC_NO_COMMON_BLOCKS = YES;
				GCC_OPTIMIZATION_LEVEL = 0;
				GCC_PREPROCESSOR_DEFINITIONS = (
					"DEBUG=1",
					"$(inherited)",
				);
				GCC_WARN_64_TO_32_BIT_CONVERSION = YES;
				GCC_WARN_ABOUT_RETURN_TYPE = YES_ERROR;
				GCC_WARN_UNDECLARED_SELECTOR = YES;
				GCC_WARN_UNINITIALIZED_AUTOS = YES_AGGRESSIVE;
				GCC_WARN_UNUSED_FUNCTION = YES;
				GCC_WARN_UNUSED_VARIABLE = YES;
				IPHONEOS_DEPLOYMENT_TARGET = 16.4;
				MTL_ENABLE_DEBUG_INFO = INCLUDE_SOURCE;
				MTL_FAST_MATH = YES;
				ONLY_ACTIVE_ARCH = YES;
				SDKROOT = iphoneos;
				SWIFT_ACTIVE_COMPILATION_CONDITIONS = DEBUG;
				SWIFT_OPTIMIZATION_LEVEL = "-Onone";
			};
			name = Debug;
		};
		70FB96782A7530190039FF91 /* Release */ = {
			isa = XCBuildConfiguration;
			buildSettings = {
				ALWAYS_SEARCH_USER_PATHS = NO;
				CLANG_ANALYZER_NONNULL = YES;
				CLANG_ANALYZER_NUMBER_OBJECT_CONVERSION = YES_AGGRESSIVE;
				CLANG_CXX_LANGUAGE_STANDARD = "gnu++20";
				CLANG_ENABLE_MODULES = YES;
				CLANG_ENABLE_OBJC_ARC = YES;
				CLANG_ENABLE_OBJC_WEAK = YES;
				CLANG_WARN_BLOCK_CAPTURE_AUTORELEASING = YES;
				CLANG_WARN_BOOL_CONVERSION = YES;
				CLANG_WARN_COMMA = YES;
				CLANG_WARN_CONSTANT_CONVERSION = YES;
				CLANG_WARN_DEPRECATED_OBJC_IMPLEMENTATIONS = YES;
				CLANG_WARN_DIRECT_OBJC_ISA_USAGE = YES_ERROR;
				CLANG_WARN_DOCUMENTATION_COMMENTS = YES;
				CLANG_WARN_EMPTY_BODY = YES;
				CLANG_WARN_ENUM_CONVERSION = YES;
				CLANG_WARN_INFINITE_RECURSION = YES;
				CLANG_WARN_INT_CONVERSION = YES;
				CLANG_WARN_NON_LITERAL_NULL_CONVERSION = YES;
				CLANG_WARN_OBJC_IMPLICIT_RETAIN_SELF = YES;
				CLANG_WARN_OBJC_LITERAL_CONVERSION = YES;
				CLANG_WARN_OBJC_ROOT_CLASS = YES_ERROR;
				CLANG_WARN_QUOTED_INCLUDE_IN_FRAMEWORK_HEADER = YES;
				CLANG_WARN_RANGE_LOOP_ANALYSIS = YES;
				CLANG_WARN_STRICT_PROTOTYPES = YES;
				CLANG_WARN_SUSPICIOUS_MOVE = YES;
				CLANG_WARN_UNGUARDED_AVAILABILITY = YES_AGGRESSIVE;
				CLANG_WARN_UNREACHABLE_CODE = YES;
				CLANG_WARN__DUPLICATE_METHOD_MATCH = YES;
				COPY_PHASE_STRIP = NO;
				DEBUG_INFORMATION_FORMAT = "dwarf-with-dsym";
				ENABLE_NS_ASSERTIONS = NO;
				ENABLE_STRICT_OBJC_MSGSEND = YES;
				GCC_C_LANGUAGE_STANDARD = gnu11;
				GCC_NO_COMMON_BLOCKS = YES;
				GCC_WARN_64_TO_32_BIT_CONVERSION = YES;
				GCC_WARN_ABOUT_RETURN_TYPE = YES_ERROR;
				GCC_WARN_UNDECLARED_SELECTOR = YES;
				GCC_WARN_UNINITIALIZED_AUTOS = YES_AGGRESSIVE;
				GCC_WARN_UNUSED_FUNCTION = YES;
				GCC_WARN_UNUSED_VARIABLE = YES;
				IPHONEOS_DEPLOYMENT_TARGET = 16.4;
				MTL_ENABLE_DEBUG_INFO = NO;
				MTL_FAST_MATH = YES;
				SDKROOT = iphoneos;
				SWIFT_COMPILATION_MODE = wholemodule;
				SWIFT_OPTIMIZATION_LEVEL = "-O";
				VALIDATE_PRODUCT = YES;
			};
			name = Release;
		};
		70FB967A2A7530190039FF91 /* Debug */ = {
			isa = XCBuildConfiguration;
			buildSettings = {
				ASSETCATALOG_COMPILER_APPICON_NAME = AppIcon;
				ASSETCATALOG_COMPILER_GLOBAL_ACCENT_COLOR_NAME = AccentColor;
				CODE_SIGN_STYLE = Automatic;
				CURRENT_PROJECT_VERSION = 1;
				DEVELOPMENT_ASSET_PATHS = "\"Messenger/Preview Content\"";
				DEVELOPMENT_TEAM = 5LVCGY9AV3;
				ENABLE_PREVIEWS = YES;
				GENERATE_INFOPLIST_FILE = YES;
				INFOPLIST_KEY_UIApplicationSceneManifest_Generation = YES;
				INFOPLIST_KEY_UIApplicationSupportsIndirectInputEvents = YES;
				INFOPLIST_KEY_UILaunchScreen_Generation = YES;
				INFOPLIST_KEY_UISupportedInterfaceOrientations_iPad = "UIInterfaceOrientationPortrait UIInterfaceOrientationPortraitUpsideDown UIInterfaceOrientationLandscapeLeft UIInterfaceOrientationLandscapeRight";
				INFOPLIST_KEY_UISupportedInterfaceOrientations_iPhone = "UIInterfaceOrientationPortrait UIInterfaceOrientationLandscapeLeft UIInterfaceOrientationLandscapeRight";
				LD_RUNPATH_SEARCH_PATHS = (
					"$(inherited)",
					"@executable_path/Frameworks",
				);
				MARKETING_VERSION = 1.0;
				PRODUCT_BUNDLE_IDENTIFIER = com.surendra.testing.Messenger;
				PRODUCT_NAME = "$(TARGET_NAME)";
				SWIFT_EMIT_LOC_STRINGS = YES;
				SWIFT_VERSION = 5.0;
				TARGETED_DEVICE_FAMILY = "1,2";
			};
			name = Debug;
		};
		70FB967B2A7530190039FF91 /* Release */ = {
			isa = XCBuildConfiguration;
			buildSettings = {
				ASSETCATALOG_COMPILER_APPICON_NAME = AppIcon;
				ASSETCATALOG_COMPILER_GLOBAL_ACCENT_COLOR_NAME = AccentColor;
				CODE_SIGN_STYLE = Automatic;
				CURRENT_PROJECT_VERSION = 1;
				DEVELOPMENT_ASSET_PATHS = "\"Messenger/Preview Content\"";
				DEVELOPMENT_TEAM = 5LVCGY9AV3;
				ENABLE_PREVIEWS = YES;
				GENERATE_INFOPLIST_FILE = YES;
				INFOPLIST_KEY_UIApplicationSceneManifest_Generation = YES;
				INFOPLIST_KEY_UIApplicationSupportsIndirectInputEvents = YES;
				INFOPLIST_KEY_UILaunchScreen_Generation = YES;
				INFOPLIST_KEY_UISupportedInterfaceOrientations_iPad = "UIInterfaceOrientationPortrait UIInterfaceOrientationPortraitUpsideDown UIInterfaceOrientationLandscapeLeft UIInterfaceOrientationLandscapeRight";
				INFOPLIST_KEY_UISupportedInterfaceOrientations_iPhone = "UIInterfaceOrientationPortrait UIInterfaceOrientationLandscapeLeft UIInterfaceOrientationLandscapeRight";
				LD_RUNPATH_SEARCH_PATHS = (
					"$(inherited)",
					"@executable_path/Frameworks",
				);
				MARKETING_VERSION = 1.0;
				PRODUCT_BUNDLE_IDENTIFIER = com.surendra.testing.Messenger;
				PRODUCT_NAME = "$(TARGET_NAME)";
				SWIFT_EMIT_LOC_STRINGS = YES;
				SWIFT_VERSION = 5.0;
				TARGETED_DEVICE_FAMILY = "1,2";
			};
			name = Release;
		};
/* End XCBuildConfiguration section */

/* Begin XCConfigurationList section */
		70FB96662A7530170039FF91 /* Build configuration list for PBXProject "Messenger" */ = {
			isa = XCConfigurationList;
			buildConfigurations = (
				70FB96772A7530190039FF91 /* Debug */,
				70FB96782A7530190039FF91 /* Release */,
			);
			defaultConfigurationIsVisible = 0;
			defaultConfigurationName = Release;
		};
		70FB96792A7530190039FF91 /* Build configuration list for PBXNativeTarget "Messenger" */ = {
			isa = XCConfigurationList;
			buildConfigurations = (
				70FB967A2A7530190039FF91 /* Debug */,
				70FB967B2A7530190039FF91 /* Release */,
			);
			defaultConfigurationIsVisible = 0;
			defaultConfigurationName = Release;
		};
/* End XCConfigurationList section */

/* Begin XCRemoteSwiftPackageReference section */
		7078B66D2A7D0A7F00581CD9 /* XCRemoteSwiftPackageReference "firebase-ios-sdk" */ = {
			isa = XCRemoteSwiftPackageReference;
			repositoryURL = "https://github.com/firebase/firebase-ios-sdk.git";
			requirement = {
				kind = upToNextMajorVersion;
				minimumVersion = 10.0.0;
			};
		};
/* End XCRemoteSwiftPackageReference section */

/* Begin XCSwiftPackageProductDependency section */
		7078B6702A7D0A7F00581CD9 /* FirebaseAuth */ = {
			isa = XCSwiftPackageProductDependency;
			package = 7078B66D2A7D0A7F00581CD9 /* XCRemoteSwiftPackageReference "firebase-ios-sdk" */;
			productName = FirebaseAuth;
		};
		7078B6742A7D0A7F00581CD9 /* FirebaseFirestore */ = {
			isa = XCSwiftPackageProductDependency;
			package = 7078B66D2A7D0A7F00581CD9 /* XCRemoteSwiftPackageReference "firebase-ios-sdk" */;
			productName = FirebaseFirestore;
		};
		7078B6782A7D0A7F00581CD9 /* FirebaseStorage */ = {
			isa = XCSwiftPackageProductDependency;
			package = 7078B66D2A7D0A7F00581CD9 /* XCRemoteSwiftPackageReference "firebase-ios-sdk" */;
			productName = FirebaseStorage;
		};
		7078B67B2A7D0AFE00581CD9 /* FirebaseFirestoreSwift */ = {
			isa = XCSwiftPackageProductDependency;
			package = 7078B66D2A7D0A7F00581CD9 /* XCRemoteSwiftPackageReference "firebase-ios-sdk" */;
			productName = FirebaseFirestoreSwift;
		};
/* End XCSwiftPackageProductDependency section */
	};
	rootObject = 70FB96632A7530170039FF91 /* Project object */;
}
