// !$*UTF8*$!
{
	archiveVersion = 1;
	classes = {
	};
	objectVersion = 56;
	objects = {

/* Begin PBXBuildFile section */
		70152E722A7BA332000DAD76 /* InboxView.swift in Sources */ = {isa = PBXBuildFile; fileRef = 70152E712A7BA332000DAD76 /* InboxView.swift */; };
		70152E772A7BA592000DAD76 /* ActiveNowView.swift in Sources */ = {isa = PBXBuildFile; fileRef = 70152E762A7BA592000DAD76 /* ActiveNowView.swift */; };
		70152E792A7BA99C000DAD76 /* InboxRowView.swift in Sources */ = {isa = PBXBuildFile; fileRef = 70152E782A7BA99C000DAD76 /* InboxRowView.swift */; };
		70152E7C2A7BB188000DAD76 /* NewMessageView.swift in Sources */ = {isa = PBXBuildFile; fileRef = 70152E7B2A7BB188000DAD76 /* NewMessageView.swift */; };
		70152E812A7BBA30000DAD76 /* ProfileView.swift in Sources */ = {isa = PBXBuildFile; fileRef = 70152E802A7BBA30000DAD76 /* ProfileView.swift */; };
		70152E832A7BBDA2000DAD76 /* SettingsOptionsViewModel.swift in Sources */ = {isa = PBXBuildFile; fileRef = 70152E822A7BBDA2000DAD76 /* SettingsOptionsViewModel.swift */; };
		708F1AAA2A75402700587A8E /* RegistrationView.swift in Sources */ = {isa = PBXBuildFile; fileRef = 708F1AA92A75402700587A8E /* RegistrationView.swift */; };
		70FB966F2A7530170039FF91 /* MessengerApp.swift in Sources */ = {isa = PBXBuildFile; fileRef = 70FB966E2A7530170039FF91 /* MessengerApp.swift */; };
		70FB96712A7530170039FF91 /* ContentView.swift in Sources */ = {isa = PBXBuildFile; fileRef = 70FB96702A7530170039FF91 /* ContentView.swift */; };
		70FB96732A7530190039FF91 /* Assets.xcassets in Resources */ = {isa = PBXBuildFile; fileRef = 70FB96722A7530190039FF91 /* Assets.xcassets */; };
		70FB96762A7530190039FF91 /* Preview Assets.xcassets in Resources */ = {isa = PBXBuildFile; fileRef = 70FB96752A7530190039FF91 /* Preview Assets.xcassets */; };
		70FB96842A7531FA0039FF91 /* LoginView.swift in Sources */ = {isa = PBXBuildFile; fileRef = 70FB96832A7531FA0039FF91 /* LoginView.swift */; };
/* End PBXBuildFile section */

/* Begin PBXFileReference section */
		70152E712A7BA332000DAD76 /* InboxView.swift */ = {isa = PBXFileReference; lastKnownFileType = sourcecode.swift; path = InboxView.swift; sourceTree = "<group>"; };
		70152E762A7BA592000DAD76 /* ActiveNowView.swift */ = {isa = PBXFileReference; lastKnownFileType = sourcecode.swift; path = ActiveNowView.swift; sourceTree = "<group>"; };
		70152E782A7BA99C000DAD76 /* InboxRowView.swift */ = {isa = PBXFileReference; lastKnownFileType = sourcecode.swift; path = InboxRowView.swift; sourceTree = "<group>"; };
		70152E7B2A7BB188000DAD76 /* NewMessageView.swift */ = {isa = PBXFileReference; lastKnownFileType = sourcecode.swift; path = NewMessageView.swift; sourceTree = "<group>"; };
		70152E802A7BBA30000DAD76 /* ProfileView.swift */ = {isa = PBXFileReference; lastKnownFileType = sourcecode.swift; path = ProfileView.swift; sourceTree = "<group>"; };
		70152E822A7BBDA2000DAD76 /* SettingsOptionsViewModel.swift */ = {isa = PBXFileReference; lastKnownFileType = sourcecode.swift; path = SettingsOptionsViewModel.swift; sourceTree = "<group>"; };
		708F1AA92A75402700587A8E /* RegistrationView.swift */ = {isa = PBXFileReference; lastKnownFileType = sourcecode.swift; path = RegistrationView.swift; sourceTree = "<group>"; };
		70FB966B2A7530170039FF91 /* Messenger.app */ = {isa = PBXFileReference; explicitFileType = wrapper.application; includeInIndex = 0; path = Messenger.app; sourceTree = BUILT_PRODUCTS_DIR; };
		70FB966E2A7530170039FF91 /* MessengerApp.swift */ = {isa = PBXFileReference; lastKnownFileType = sourcecode.swift; path = MessengerApp.swift; sourceTree = "<group>"; };
		70FB96702A7530170039FF91 /* ContentView.swift */ = {isa = PBXFileReference; lastKnownFileType = sourcecode.swift; path = ContentView.swift; sourceTree = "<group>"; };
		70FB96722A7530190039FF91 /* Assets.xcassets */ = {isa = PBXFileReference; lastKnownFileType = folder.assetcatalog; path = Assets.xcassets; sourceTree = "<group>"; };
		70FB96752A7530190039FF91 /* Preview Assets.xcassets */ = {isa = PBXFileReference; lastKnownFileType = folder.assetcatalog; path = "Preview Assets.xcassets"; sourceTree = "<group>"; };
		70FB96832A7531FA0039FF91 /* LoginView.swift */ = {isa = PBXFileReference; lastKnownFileType = sourcecode.swift; path = LoginView.swift; sourceTree = "<group>"; };
/* End PBXFileReference section */

/* Begin PBXFrameworksBuildPhase section */
		70FB96682A7530170039FF91 /* Frameworks */ = {
			isa = PBXFrameworksBuildPhase;
			buildActionMask = 2147483647;
			files = (
			);
			runOnlyForDeploymentPostprocessing = 0;
		};
/* End PBXFrameworksBuildPhase section */

/* Begin PBXGroup section */
		70152E702A7BA322000DAD76 /* Inbox */ = {
			isa = PBXGroup;
			children = (
				70152E712A7BA332000DAD76 /* InboxView.swift */,
				70152E782A7BA99C000DAD76 /* InboxRowView.swift */,
			);
			path = Inbox;
			sourceTree = "<group>";
		};
		70152E732A7BA56D000DAD76 /* ActiveNow */ = {
			isa = PBXGroup;
			children = (
				70152E762A7BA592000DAD76 /* ActiveNowView.swift */,
			);
			path = ActiveNow;
			sourceTree = "<group>";
		};
		70152E7A2A7BB16E000DAD76 /* NewMessage */ = {
			isa = PBXGroup;
			children = (
				70152E7B2A7BB188000DAD76 /* NewMessageView.swift */,
			);
			path = NewMessage;
			sourceTree = "<group>";
		};
		70152E7D2A7BBA00000DAD76 /* Profile */ = {
			isa = PBXGroup;
			children = (
				70152E7E2A7BBA0A000DAD76 /* View */,
				70152E7F2A7BBA10000DAD76 /* ViewModel */,
			);
			path = Profile;
			sourceTree = "<group>";
		};
		70152E7E2A7BBA0A000DAD76 /* View */ = {
			isa = PBXGroup;
			children = (
				70152E802A7BBA30000DAD76 /* ProfileView.swift */,
			);
			path = View;
			sourceTree = "<group>";
		};
		70152E7F2A7BBA10000DAD76 /* ViewModel */ = {
			isa = PBXGroup;
			children = (
				70152E822A7BBDA2000DAD76 /* SettingsOptionsViewModel.swift */,
			);
			path = ViewModel;
			sourceTree = "<group>";
		};
		70FB96622A7530170039FF91 = {
			isa = PBXGroup;
			children = (
				70FB966D2A7530170039FF91 /* Messenger */,
				70FB966C2A7530170039FF91 /* Products */,
			);
			sourceTree = "<group>";
		};
		70FB966C2A7530170039FF91 /* Products */ = {
			isa = PBXGroup;
			children = (
				70FB966B2A7530170039FF91 /* Messenger.app */,
			);
			name = Products;
			sourceTree = "<group>";
		};
		70FB966D2A7530170039FF91 /* Messenger */ = {
			isa = PBXGroup;
			children = (
				70FB967C2A75308C0039FF91 /* App */,
				70FB967D2A7530940039FF91 /* Core */,
				70FB967E2A75309A0039FF91 /* Model */,
				70FB967F2A7530A10039FF91 /* Service */,
				70FB96722A7530190039FF91 /* Assets.xcassets */,
				70FB96742A7530190039FF91 /* Preview Content */,
			);
			path = Messenger;
			sourceTree = "<group>";
		};
		70FB96742A7530190039FF91 /* Preview Content */ = {
			isa = PBXGroup;
			children = (
				70FB96752A7530190039FF91 /* Preview Assets.xcassets */,
			);
			path = "Preview Content";
			sourceTree = "<group>";
		};
		70FB967C2A75308C0039FF91 /* App */ = {
			isa = PBXGroup;
			children = (
				70FB966E2A7530170039FF91 /* MessengerApp.swift */,
			);
			path = App;
			sourceTree = "<group>";
		};
		70FB967D2A7530940039FF91 /* Core */ = {
			isa = PBXGroup;
			children = (
				70152E732A7BA56D000DAD76 /* ActiveNow */,
				70FB96802A7530BA0039FF91 /* Authentication */,
				70152E702A7BA322000DAD76 /* Inbox */,
				70152E7A2A7BB16E000DAD76 /* NewMessage */,
				70152E7D2A7BBA00000DAD76 /* Profile */,
				70FB96812A7530C40039FF91 /* Root */,
			);
			path = Core;
			sourceTree = "<group>";
		};
		70FB967E2A75309A0039FF91 /* Model */ = {
			isa = PBXGroup;
			children = (
			);
			path = Model;
			sourceTree = "<group>";
		};
		70FB967F2A7530A10039FF91 /* Service */ = {
			isa = PBXGroup;
			children = (
			);
			path = Service;
			sourceTree = "<group>";
		};
		70FB96802A7530BA0039FF91 /* Authentication */ = {
			isa = PBXGroup;
			children = (
				70FB96822A7530CF0039FF91 /* View */,
			);
			path = Authentication;
			sourceTree = "<group>";
		};
		70FB96812A7530C40039FF91 /* Root */ = {
			isa = PBXGroup;
			children = (
				70FB96702A7530170039FF91 /* ContentView.swift */,
			);
			path = Root;
			sourceTree = "<group>";
		};
		70FB96822A7530CF0039FF91 /* View */ = {
			isa = PBXGroup;
			children = (
				70FB96832A7531FA0039FF91 /* LoginView.swift */,
				708F1AA92A75402700587A8E /* RegistrationView.swift */,
			);
			path = View;
			sourceTree = "<group>";
		};
/* End PBXGroup section */

/* Begin PBXNativeTarget section */
		70FB966A2A7530170039FF91 /* Messenger */ = {
			isa = PBXNativeTarget;
			buildConfigurationList = 70FB96792A7530190039FF91 /* Build configuration list for PBXNativeTarget "Messenger" */;
			buildPhases = (
				70FB96672A7530170039FF91 /* Sources */,
				70FB96682A7530170039FF91 /* Frameworks */,
				70FB96692A7530170039FF91 /* Resources */,
			);
			buildRules = (
			);
			dependencies = (
			);
			name = Messenger;
			productName = Messenger;
			productReference = 70FB966B2A7530170039FF91 /* Messenger.app */;
			productType = "com.apple.product-type.application";
		};
/* End PBXNativeTarget section */

/* Begin PBXProject section */
		70FB96632A7530170039FF91 /* Project object */ = {
			isa = PBXProject;
			attributes = {
				BuildIndependentTargetsInParallel = 1;
				LastSwiftUpdateCheck = 1430;
				LastUpgradeCheck = 1430;
				TargetAttributes = {
					70FB966A2A7530170039FF91 = {
						CreatedOnToolsVersion = 14.3.1;
					};
				};
			};
			buildConfigurationList = 70FB96662A7530170039FF91 /* Build configuration list for PBXProject "Messenger" */;
			compatibilityVersion = "Xcode 14.0";
			developmentRegion = en;
			hasScannedForEncodings = 0;
			knownRegions = (
				en,
				Base,
			);
			mainGroup = 70FB96622A7530170039FF91;
			productRefGroup = 70FB966C2A7530170039FF91 /* Products */;
			projectDirPath = "";
			projectRoot = "";
			targets = (
				70FB966A2A7530170039FF91 /* Messenger */,
			);
		};
/* End PBXProject section */

/* Begin PBXResourcesBuildPhase section */
		70FB96692A7530170039FF91 /* Resources */ = {
			isa = PBXResourcesBuildPhase;
			buildActionMask = 2147483647;
			files = (
				70FB96762A7530190039FF91 /* Preview Assets.xcassets in Resources */,
				70FB96732A7530190039FF91 /* Assets.xcassets in Resources */,
			);
			runOnlyForDeploymentPostprocessing = 0;
		};
/* End PBXResourcesBuildPhase section */

/* Begin PBXSourcesBuildPhase section */
		70FB96672A7530170039FF91 /* Sources */ = {
			isa = PBXSourcesBuildPhase;
			buildActionMask = 2147483647;
			files = (
				70152E792A7BA99C000DAD76 /* InboxRowView.swift in Sources */,
				70152E812A7BBA30000DAD76 /* ProfileView.swift in Sources */,
				70152E7C2A7BB188000DAD76 /* NewMessageView.swift in Sources */,
				70FB96842A7531FA0039FF91 /* LoginView.swift in Sources */,
				70FB96712A7530170039FF91 /* ContentView.swift in Sources */,
				70152E722A7BA332000DAD76 /* InboxView.swift in Sources */,
				70152E772A7BA592000DAD76 /* ActiveNowView.swift in Sources */,
				70FB966F2A7530170039FF91 /* MessengerApp.swift in Sources */,
				70152E832A7BBDA2000DAD76 /* SettingsOptionsViewModel.swift in Sources */,
				708F1AAA2A75402700587A8E /* RegistrationView.swift in Sources */,
			);
			runOnlyForDeploymentPostprocessing = 0;
		};
/* End PBXSourcesBuildPhase section */

/* Begin XCBuildConfiguration section */
		70FB96772A7530190039FF91 /* Debug */ = {
			isa = XCBuildConfiguration;
			buildSettings = {
				ALWAYS_SEARCH_USER_PATHS = NO;
				CLANG_ANALYZER_NONNULL = YES;
				CLANG_ANALYZER_NUMBER_OBJECT_CONVERSION = YES_AGGRESSIVE;
				CLANG_CXX_LANGUAGE_STANDARD = "gnu++20";
				CLANG_ENABLE_MODULES = YES;
				CLANG_ENABLE_OBJC_ARC = YES;
				CLANG_ENABLE_OBJC_WEAK = YES;
				CLANG_WARN_BLOCK_CAPTURE_AUTORELEASING = YES;
				CLANG_WARN_BOOL_CONVERSION = YES;
				CLANG_WARN_COMMA = YES;
				CLANG_WARN_CONSTANT_CONVERSION = YES;
				CLANG_WARN_DEPRECATED_OBJC_IMPLEMENTATIONS = YES;
				CLANG_WARN_DIRECT_OBJC_ISA_USAGE = YES_ERROR;
				CLANG_WARN_DOCUMENTATION_COMMENTS = YES;
				CLANG_WARN_EMPTY_BODY = YES;
				CLANG_WARN_ENUM_CONVERSION = YES;
				CLANG_WARN_INFINITE_RECURSION = YES;
				CLANG_WARN_INT_CONVERSION = YES;
				CLANG_WARN_NON_LITERAL_NULL_CONVERSION = YES;
				CLANG_WARN_OBJC_IMPLICIT_RETAIN_SELF = YES;
				CLANG_WARN_OBJC_LITERAL_CONVERSION = YES;
				CLANG_WARN_OBJC_ROOT_CLASS = YES_ERROR;
				CLANG_WARN_QUOTED_INCLUDE_IN_FRAMEWORK_HEADER = YES;
				CLANG_WARN_RANGE_LOOP_ANALYSIS = YES;
				CLANG_WARN_STRICT_PROTOTYPES = YES;
				CLANG_WARN_SUSPICIOUS_MOVE = YES;
				CLANG_WARN_UNGUARDED_AVAILABILITY = YES_AGGRESSIVE;
				CLANG_WARN_UNREACHABLE_CODE = YES;
				CLANG_WARN__DUPLICATE_METHOD_MATCH = YES;
				COPY_PHASE_STRIP = NO;
				DEBUG_INFORMATION_FORMAT = dwarf;
				ENABLE_STRICT_OBJC_MSGSEND = YES;
				ENABLE_TESTABILITY = YES;
				GCC_C_LANGUAGE_STANDARD = gnu11;
				GCC_DYNAMIC_NO_PIC = NO;
				GCC_NO_COMMON_BLOCKS = YES;
				GCC_OPTIMIZATION_LEVEL = 0;
				GCC_PREPROCESSOR_DEFINITIONS = (
					"DEBUG=1",
					"$(inherited)",
				);
				GCC_WARN_64_TO_32_BIT_CONVERSION = YES;
				GCC_WARN_ABOUT_RETURN_TYPE = YES_ERROR;
				GCC_WARN_UNDECLARED_SELECTOR = YES;
				GCC_WARN_UNINITIALIZED_AUTOS = YES_AGGRESSIVE;
				GCC_WARN_UNUSED_FUNCTION = YES;
				GCC_WARN_UNUSED_VARIABLE = YES;
				IPHONEOS_DEPLOYMENT_TARGET = 16.4;
				MTL_ENABLE_DEBUG_INFO = INCLUDE_SOURCE;
				MTL_FAST_MATH = YES;
				ONLY_ACTIVE_ARCH = YES;
				SDKROOT = iphoneos;
				SWIFT_ACTIVE_COMPILATION_CONDITIONS = DEBUG;
				SWIFT_OPTIMIZATION_LEVEL = "-Onone";
			};
			name = Debug;
		};
		70FB96782A7530190039FF91 /* Release */ = {
			isa = XCBuildConfiguration;
			buildSettings = {
				ALWAYS_SEARCH_USER_PATHS = NO;
				CLANG_ANALYZER_NONNULL = YES;
				CLANG_ANALYZER_NUMBER_OBJECT_CONVERSION = YES_AGGRESSIVE;
				CLANG_CXX_LANGUAGE_STANDARD = "gnu++20";
				CLANG_ENABLE_MODULES = YES;
				CLANG_ENABLE_OBJC_ARC = YES;
				CLANG_ENABLE_OBJC_WEAK = YES;
				CLANG_WARN_BLOCK_CAPTURE_AUTORELEASING = YES;
				CLANG_WARN_BOOL_CONVERSION = YES;
				CLANG_WARN_COMMA = YES;
				CLANG_WARN_CONSTANT_CONVERSION = YES;
				CLANG_WARN_DEPRECATED_OBJC_IMPLEMENTATIONS = YES;
				CLANG_WARN_DIRECT_OBJC_ISA_USAGE = YES_ERROR;
				CLANG_WARN_DOCUMENTATION_COMMENTS = YES;
				CLANG_WARN_EMPTY_BODY = YES;
				CLANG_WARN_ENUM_CONVERSION = YES;
				CLANG_WARN_INFINITE_RECURSION = YES;
				CLANG_WARN_INT_CONVERSION = YES;
				CLANG_WARN_NON_LITERAL_NULL_CONVERSION = YES;
				CLANG_WARN_OBJC_IMPLICIT_RETAIN_SELF = YES;
				CLANG_WARN_OBJC_LITERAL_CONVERSION = YES;
				CLANG_WARN_OBJC_ROOT_CLASS = YES_ERROR;
				CLANG_WARN_QUOTED_INCLUDE_IN_FRAMEWORK_HEADER = YES;
				CLANG_WARN_RANGE_LOOP_ANALYSIS = YES;
				CLANG_WARN_STRICT_PROTOTYPES = YES;
				CLANG_WARN_SUSPICIOUS_MOVE = YES;
				CLANG_WARN_UNGUARDED_AVAILABILITY = YES_AGGRESSIVE;
				CLANG_WARN_UNREACHABLE_CODE = YES;
				CLANG_WARN__DUPLICATE_METHOD_MATCH = YES;
				COPY_PHASE_STRIP = NO;
				DEBUG_INFORMATION_FORMAT = "dwarf-with-dsym";
				ENABLE_NS_ASSERTIONS = NO;
				ENABLE_STRICT_OBJC_MSGSEND = YES;
				GCC_C_LANGUAGE_STANDARD = gnu11;
				GCC_NO_COMMON_BLOCKS = YES;
				GCC_WARN_64_TO_32_BIT_CONVERSION = YES;
				GCC_WARN_ABOUT_RETURN_TYPE = YES_ERROR;
				GCC_WARN_UNDECLARED_SELECTOR = YES;
				GCC_WARN_UNINITIALIZED_AUTOS = YES_AGGRESSIVE;
				GCC_WARN_UNUSED_FUNCTION = YES;
				GCC_WARN_UNUSED_VARIABLE = YES;
				IPHONEOS_DEPLOYMENT_TARGET = 16.4;
				MTL_ENABLE_DEBUG_INFO = NO;
				MTL_FAST_MATH = YES;
				SDKROOT = iphoneos;
				SWIFT_COMPILATION_MODE = wholemodule;
				SWIFT_OPTIMIZATION_LEVEL = "-O";
				VALIDATE_PRODUCT = YES;
			};
			name = Release;
		};
		70FB967A2A7530190039FF91 /* Debug */ = {
			isa = XCBuildConfiguration;
			buildSettings = {
				ASSETCATALOG_COMPILER_APPICON_NAME = AppIcon;
				ASSETCATALOG_COMPILER_GLOBAL_ACCENT_COLOR_NAME = AccentColor;
				CODE_SIGN_STYLE = Automatic;
				CURRENT_PROJECT_VERSION = 1;
				DEVELOPMENT_ASSET_PATHS = "\"Messenger/Preview Content\"";
				ENABLE_PREVIEWS = YES;
				GENERATE_INFOPLIST_FILE = YES;
				INFOPLIST_KEY_UIApplicationSceneManifest_Generation = YES;
				INFOPLIST_KEY_UIApplicationSupportsIndirectInputEvents = YES;
				INFOPLIST_KEY_UILaunchScreen_Generation = YES;
				INFOPLIST_KEY_UISupportedInterfaceOrientations_iPad = "UIInterfaceOrientationPortrait UIInterfaceOrientationPortraitUpsideDown UIInterfaceOrientationLandscapeLeft UIInterfaceOrientationLandscapeRight";
				INFOPLIST_KEY_UISupportedInterfaceOrientations_iPhone = "UIInterfaceOrientationPortrait UIInterfaceOrientationLandscapeLeft UIInterfaceOrientationLandscapeRight";
				LD_RUNPATH_SEARCH_PATHS = (
					"$(inherited)",
					"@executable_path/Frameworks",
				);
				MARKETING_VERSION = 1.0;
				PRODUCT_BUNDLE_IDENTIFIER = com.surendra.testing.Messenger;
				PRODUCT_NAME = "$(TARGET_NAME)";
				SWIFT_EMIT_LOC_STRINGS = YES;
				SWIFT_VERSION = 5.0;
				TARGETED_DEVICE_FAMILY = "1,2";
			};
			name = Debug;
		};
		70FB967B2A7530190039FF91 /* Release */ = {
			isa = XCBuildConfiguration;
			buildSettings = {
				ASSETCATALOG_COMPILER_APPICON_NAME = AppIcon;
				ASSETCATALOG_COMPILER_GLOBAL_ACCENT_COLOR_NAME = AccentColor;
				CODE_SIGN_STYLE = Automatic;
				CURRENT_PROJECT_VERSION = 1;
				DEVELOPMENT_ASSET_PATHS = "\"Messenger/Preview Content\"";
				ENABLE_PREVIEWS = YES;
				GENERATE_INFOPLIST_FILE = YES;
				INFOPLIST_KEY_UIApplicationSceneManifest_Generation = YES;
				INFOPLIST_KEY_UIApplicationSupportsIndirectInputEvents = YES;
				INFOPLIST_KEY_UILaunchScreen_Generation = YES;
				INFOPLIST_KEY_UISupportedInterfaceOrientations_iPad = "UIInterfaceOrientationPortrait UIInterfaceOrientationPortraitUpsideDown UIInterfaceOrientationLandscapeLeft UIInterfaceOrientationLandscapeRight";
				INFOPLIST_KEY_UISupportedInterfaceOrientations_iPhone = "UIInterfaceOrientationPortrait UIInterfaceOrientationLandscapeLeft UIInterfaceOrientationLandscapeRight";
				LD_RUNPATH_SEARCH_PATHS = (
					"$(inherited)",
					"@executable_path/Frameworks",
				);
				MARKETING_VERSION = 1.0;
				PRODUCT_BUNDLE_IDENTIFIER = com.surendra.testing.Messenger;
				PRODUCT_NAME = "$(TARGET_NAME)";
				SWIFT_EMIT_LOC_STRINGS = YES;
				SWIFT_VERSION = 5.0;
				TARGETED_DEVICE_FAMILY = "1,2";
			};
			name = Release;
		};
/* End XCBuildConfiguration section */

/* Begin XCConfigurationList section */
		70FB96662A7530170039FF91 /* Build configuration list for PBXProject "Messenger" */ = {
			isa = XCConfigurationList;
			buildConfigurations = (
				70FB96772A7530190039FF91 /* Debug */,
				70FB96782A7530190039FF91 /* Release */,
			);
			defaultConfigurationIsVisible = 0;
			defaultConfigurationName = Release;
		};
		70FB96792A7530190039FF91 /* Build configuration list for PBXNativeTarget "Messenger" */ = {
			isa = XCConfigurationList;
			buildConfigurations = (
				70FB967A2A7530190039FF91 /* Debug */,
				70FB967B2A7530190039FF91 /* Release */,
			);
			defaultConfigurationIsVisible = 0;
			defaultConfigurationName = Release;
		};
/* End XCConfigurationList section */
	};
	rootObject = 70FB96632A7530170039FF91 /* Project object */;
}
